
Microsoft Visual Studio Solution File, Format Version 12.00
# Visual Studio Version 17
VisualStudioVersion = 17.5.33516.290
MinimumVisualStudioVersion = 10.0.40219.1
Project("{9A19103F-16F7-4668-BE54-9A1E7A4F7556}") = "Creational_Builder", "Creational_Builder\Creational_Builder.csproj", "{426598B7-E9F1-41B1-BEAF-E7AECAF9C6F1}"
EndProject
Project("{FAE04EC0-301F-11D3-BF4B-00C04F79EFBC}") = "Creational_Factory", "Creational_Factory\Creational_Factory.csproj", "{6999D986-F8B7-4585-BBA6-AEBB7557D02E}"
EndProject
Global
	GlobalSection(SolutionConfigurationPlatforms) = preSolution
		Debug|Any CPU = Debug|Any CPU
		Release|Any CPU = Release|Any CPU
	EndGlobalSection
	GlobalSection(ProjectConfigurationPlatforms) = postSolution
		{426598B7-E9F1-41B1-BEAF-E7AECAF9C6F1}.Debug|Any CPU.ActiveCfg = Debug|Any CPU
		{426598B7-E9F1-41B1-BEAF-E7AECAF9C6F1}.Debug|Any CPU.Build.0 = Debug|Any CPU
		{426598B7-E9F1-41B1-BEAF-E7AECAF9C6F1}.Release|Any CPU.ActiveCfg = Release|Any CPU
		{426598B7-E9F1-41B1-BEAF-E7AECAF9C6F1}.Release|Any CPU.Build.0 = Release|Any CPU
		{6999D986-F8B7-4585-BBA6-AEBB7557D02E}.Debug|Any CPU.ActiveCfg = Debug|Any CPU
		{6999D986-F8B7-4585-BBA6-AEBB7557D02E}.Debug|Any CPU.Build.0 = Debug|Any CPU
		{6999D986-F8B7-4585-BBA6-AEBB7557D02E}.Release|Any CPU.ActiveCfg = Release|Any CPU
		{6999D986-F8B7-4585-BBA6-AEBB7557D02E}.Release|Any CPU.Build.0 = Release|Any CPU
	EndGlobalSection
	GlobalSection(SolutionProperties) = preSolution
		HideSolutionNode = FALSE
	EndGlobalSection
	GlobalSection(ExtensibilityGlobals) = postSolution
		SolutionGuid = {03FBE551-05A1-4D45-8E08-D3E34C68A74A}
	EndGlobalSection
EndGlobal
